
Microsoft Visual Studio Solution File, Format Version 12.00
# Visual Studio Version 17
VisualStudioVersion = 17.0.31903.59
MinimumVisualStudioVersion = 10.0.40219.1
Project("{FAE04EC0-301F-11D3-BF4B-00C04F79EFBC}") = "Solid1", "Solid1\Solid1.csproj", "{1DB50BAE-45D8-438C-840A-DB029EA27F70}"
EndProject
Project("{FAE04EC0-301F-11D3-BF4B-00C04F79EFBC}") = "Solid2", "Solid2\Solid2.csproj", "{021EF58A-9773-4EAC-AAD2-9B674418D0A4}"
EndProject
Project("{FAE04EC0-301F-11D3-BF4B-00C04F79EFBC}") = "Solid3", "Solid3\Solid3.csproj", "{039344F8-F647-419B-BA1B-2A5985B5AD54}"
EndProject
Project("{FAE04EC0-301F-11D3-BF4B-00C04F79EFBC}") = "Solid4", "Solid4\Solid4.csproj", "{20223B1A-17BB-4944-AE0E-E07C782C0D95}"
EndProject
Global
	GlobalSection(SolutionConfigurationPlatforms) = preSolution
		Debug|Any CPU = Debug|Any CPU
		Release|Any CPU = Release|Any CPU
	EndGlobalSection
	GlobalSection(SolutionProperties) = preSolution
		HideSolutionNode = FALSE
	EndGlobalSection
	GlobalSection(ProjectConfigurationPlatforms) = postSolution
		{1DB50BAE-45D8-438C-840A-DB029EA27F70}.Debug|Any CPU.ActiveCfg = Debug|Any CPU
		{1DB50BAE-45D8-438C-840A-DB029EA27F70}.Debug|Any CPU.Build.0 = Debug|Any CPU
		{1DB50BAE-45D8-438C-840A-DB029EA27F70}.Release|Any CPU.ActiveCfg = Release|Any CPU
		{1DB50BAE-45D8-438C-840A-DB029EA27F70}.Release|Any CPU.Build.0 = Release|Any CPU
		{021EF58A-9773-4EAC-AAD2-9B674418D0A4}.Debug|Any CPU.ActiveCfg = Debug|Any CPU
		{021EF58A-9773-4EAC-AAD2-9B674418D0A4}.Debug|Any CPU.Build.0 = Debug|Any CPU
		{021EF58A-9773-4EAC-AAD2-9B674418D0A4}.Release|Any CPU.ActiveCfg = Release|Any CPU
		{021EF58A-9773-4EAC-AAD2-9B674418D0A4}.Release|Any CPU.Build.0 = Release|Any CPU
		{039344F8-F647-419B-BA1B-2A5985B5AD54}.Debug|Any CPU.ActiveCfg = Debug|Any CPU
		{039344F8-F647-419B-BA1B-2A5985B5AD54}.Debug|Any CPU.Build.0 = Debug|Any CPU
		{039344F8-F647-419B-BA1B-2A5985B5AD54}.Release|Any CPU.ActiveCfg = Release|Any CPU
		{039344F8-F647-419B-BA1B-2A5985B5AD54}.Release|Any CPU.Build.0 = Release|Any CPU
		{20223B1A-17BB-4944-AE0E-E07C782C0D95}.Debug|Any CPU.ActiveCfg = Debug|Any CPU
		{20223B1A-17BB-4944-AE0E-E07C782C0D95}.Debug|Any CPU.Build.0 = Debug|Any CPU
		{20223B1A-17BB-4944-AE0E-E07C782C0D95}.Release|Any CPU.ActiveCfg = Release|Any CPU
		{20223B1A-17BB-4944-AE0E-E07C782C0D95}.Release|Any CPU.Build.0 = Release|Any CPU
	EndGlobalSection
EndGlobal
